
Microsoft Visual Studio Solution File, Format Version 12.00
# Visual Studio Version 17
VisualStudioVersion = 17.9.34616.47
MinimumVisualStudioVersion = 10.0.40219.1
Project("{9A19103F-16F7-4668-BE54-9A1E7A4F7556}") = "Books", "Books\Books.csproj", "{39490FCF-7238-4D02-A886-52C48EE89A77}"
EndProject
Project("{FAE04EC0-301F-11D3-BF4B-00C04F79EFBC}") = "UserApi", "UserApi\UserApi.csproj", "{59BEB101-53D4-45E1-94A2-DDDA255B0E71}"
EndProject
Global
	GlobalSection(SolutionConfigurationPlatforms) = preSolution
		Debug|Any CPU = Debug|Any CPU
		Release|Any CPU = Release|Any CPU
	EndGlobalSection
	GlobalSection(ProjectConfigurationPlatforms) = postSolution
		{39490FCF-7238-4D02-A886-52C48EE89A77}.Debug|Any CPU.ActiveCfg = Debug|Any CPU
		{39490FCF-7238-4D02-A886-52C48EE89A77}.Debug|Any CPU.Build.0 = Debug|Any CPU
		{39490FCF-7238-4D02-A886-52C48EE89A77}.Release|Any CPU.ActiveCfg = Release|Any CPU
		{39490FCF-7238-4D02-A886-52C48EE89A77}.Release|Any CPU.Build.0 = Release|Any CPU
		{59BEB101-53D4-45E1-94A2-DDDA255B0E71}.Debug|Any CPU.ActiveCfg = Debug|Any CPU
		{59BEB101-53D4-45E1-94A2-DDDA255B0E71}.Debug|Any CPU.Build.0 = Debug|Any CPU
		{59BEB101-53D4-45E1-94A2-DDDA255B0E71}.Release|Any CPU.ActiveCfg = Release|Any CPU
		{59BEB101-53D4-45E1-94A2-DDDA255B0E71}.Release|Any CPU.Build.0 = Release|Any CPU
	EndGlobalSection
	GlobalSection(SolutionProperties) = preSolution
		HideSolutionNode = FALSE
	EndGlobalSection
	GlobalSection(ExtensibilityGlobals) = postSolution
		SolutionGuid = {5636B6D8-ED0D-4B67-8CA5-20CE73E23F49}
	EndGlobalSection
EndGlobal
